
Microsoft Visual Studio Solution File, Format Version 12.00
# Visual Studio 15
VisualStudioVersion = 15.0.28010.2046
MinimumVisualStudioVersion = 10.0.40219.1
Project("{2150E333-8FDC-42A3-9474-1A3956D46DE8}") = ".nuget", ".nuget", "{DFA48E27-7D53-4955-A722-3D91A7119BE7}"
	ProjectSection(SolutionItems) = preProject
		.nuget\NuGet.Config = .nuget\NuGet.Config
		.nuget\NuGet.exe = .nuget\NuGet.exe
		.nuget\NuGet.targets = .nuget\NuGet.targets
	EndProjectSection
EndProject
Project("{FAE04EC0-301F-11D3-BF4B-00C04F79EFBC}") = "ABPTEST.Core", "ABPTEST.Core\ABPTEST.Core.csproj", "{17298EA0-AF73-4F30-B6F1-2066100D7D74}"
EndProject
Project("{FAE04EC0-301F-11D3-BF4B-00C04F79EFBC}") = "ABPTEST.Application", "ABPTEST.Application\ABPTEST.Application.csproj", "{EDF5D964-4C0F-4F19-B674-58A38A5E5401}"
EndProject
Project("{FAE04EC0-301F-11D3-BF4B-00C04F79EFBC}") = "ABPTEST.EntityFramework", "ABPTEST.EntityFramework\ABPTEST.EntityFramework.csproj", "{3979F157-DEB0-4878-AB1D-4CEF6B5A1300}"
EndProject
Project("{FAE04EC0-301F-11D3-BF4B-00C04F79EFBC}") = "ABPTEST.WebApi", "ABPTEST.WebApi\ABPTEST.WebApi.csproj", "{5EB52D3D-09FD-463A-B02A-8D9856BD3724}"
EndProject
Project("{FAE04EC0-301F-11D3-BF4B-00C04F79EFBC}") = "ABPTEST.Web", "ABPTEST.Web\ABPTEST.Web.csproj", "{404A6D3B-AA85-4E4C-AEEE-1E5026D5F135}"
EndProject
Project("{2150E333-8FDC-42A3-9474-1A3956D46DE8}") = "Test", "Test", "{7E85C7E5-70BD-4C9D-B052-D95955F46609}"
EndProject
Project("{FAE04EC0-301F-11D3-BF4B-00C04F79EFBC}") = "ABPTEST.Tests", "Tests\ABPTEST.Tests\ABPTEST.Tests.csproj", "{C602C47E-F379-40A3-A146-4F19105B3491}"
EndProject
Project("{2150E333-8FDC-42A3-9474-1A3956D46DE8}") = "Tools", "Tools", "{7408541C-F99C-4197-B203-136115BD1CB9}"
EndProject
Project("{FAE04EC0-301F-11D3-BF4B-00C04F79EFBC}") = "ABPTEST.Migrator", "Tools\ABPTEST.Migrator\ABPTEST.Migrator.csproj", "{6F98C2F2-898A-421B-BE3D-68FE69EC0646}"
EndProject
Project("{2150E333-8FDC-42A3-9474-1A3956D46DE8}") = "ABP.Lib", "ABP.Lib", "{FF81D086-3EB1-4519-904C-24631B5975E2}"
EndProject
Project("{9A19103F-16F7-4668-BE54-9A1E7A4F7556}") = "Abp.AutoMapper", "Abp.AutoMapper\Abp.AutoMapper.csproj", "{A7225AEA-60C0-4557-B5A6-B96220DFAF73}"
EndProject
Project("{9A19103F-16F7-4668-BE54-9A1E7A4F7556}") = "Abp.Castle.Log4Net", "Abp.Castle.Log4Net\Abp.Castle.Log4Net.csproj", "{412775C4-0BB0-4C70-B1BF-589FDEB659C7}"
EndProject
Project("{9A19103F-16F7-4668-BE54-9A1E7A4F7556}") = "Abp.EntityFramework", "Abp.EntityFramework\Abp.EntityFramework.csproj", "{D1B1C512-FD62-45D7-A2DD-8CB8AD853BA2}"
EndProject
Project("{9A19103F-16F7-4668-BE54-9A1E7A4F7556}") = "Abp.EntityFramework.Common", "Abp.EntityFramework.Common\Abp.EntityFramework.Common.csproj", "{B8426935-3733-4E3D-BF92-2A592659D62F}"
EndProject
Project("{9A19103F-16F7-4668-BE54-9A1E7A4F7556}") = "Abp.HangFire", "Abp.HangFire\Abp.HangFire.csproj", "{3CF864D7-7293-4FD3-A20E-A068A9C3374B}"
EndProject
Project("{9A19103F-16F7-4668-BE54-9A1E7A4F7556}") = "Abp.Owin", "Abp.Owin\Abp.Owin.csproj", "{EC743469-510E-4634-95B0-E99D8B9C23BA}"
EndProject
Project("{9A19103F-16F7-4668-BE54-9A1E7A4F7556}") = "Abp.Web", "Abp.Web\Abp.Web.csproj", "{284CB57A-FFCC-4CF6-B414-81EAF310478C}"
EndProject
Project("{9A19103F-16F7-4668-BE54-9A1E7A4F7556}") = "Abp.Web.Api", "Abp.Web.Api\Abp.Web.Api.csproj", "{29540FA9-FB5A-4EA2-8B8E-C55EE20A8750}"
EndProject
Project("{9A19103F-16F7-4668-BE54-9A1E7A4F7556}") = "Abp.Web.Common", "Abp.Web.Common\Abp.Web.Common.csproj", "{C1F448AE-5943-43B0-B208-26C0A45BC132}"
EndProject
Project("{9A19103F-16F7-4668-BE54-9A1E7A4F7556}") = "Abp.Web.Mvc", "Abp.Web.Mvc\Abp.Web.Mvc.csproj", "{32FBF728-503F-49A5-BAFD-87E9A7ABA0AF}"
EndProject
Project("{9A19103F-16F7-4668-BE54-9A1E7A4F7556}") = "Abp.Web.SignalR", "Abp.Web.SignalR\Abp.Web.SignalR.csproj", "{E9B3564C-C357-4E49-91E4-EFB83D1AB163}"
EndProject
Project("{9A19103F-16F7-4668-BE54-9A1E7A4F7556}") = "Abp.Zero", "Abp.Zero\Abp.Zero.csproj", "{D0C1D633-1920-4A23-BD33-0863310C4403}"
EndProject
Project("{9A19103F-16F7-4668-BE54-9A1E7A4F7556}") = "Abp.Zero.Common", "Abp.Zero.Common\Abp.Zero.Common.csproj", "{16488896-C1A9-420B-B187-75BAE39775C8}"
EndProject
Project("{9A19103F-16F7-4668-BE54-9A1E7A4F7556}") = "Abp.Zero.EntityFramework", "Abp.Zero.EntityFramework\Abp.Zero.EntityFramework.csproj", "{48F349DC-C281-49DC-81E1-2EAFA5908C33}"
EndProject
Project("{9A19103F-16F7-4668-BE54-9A1E7A4F7556}") = "Abp", "Abp\Abp.csproj", "{34E82893-529E-47B0-A7D5-E3870FC720A4}"
EndProject
Global
	GlobalSection(SolutionConfigurationPlatforms) = preSolution
		Debug|Any CPU = Debug|Any CPU
		Release|Any CPU = Release|Any CPU
	EndGlobalSection
	GlobalSection(ProjectConfigurationPlatforms) = postSolution
		{17298EA0-AF73-4F30-B6F1-2066100D7D74}.Debug|Any CPU.ActiveCfg = Debug|Any CPU
		{17298EA0-AF73-4F30-B6F1-2066100D7D74}.Debug|Any CPU.Build.0 = Debug|Any CPU
		{17298EA0-AF73-4F30-B6F1-2066100D7D74}.Release|Any CPU.ActiveCfg = Release|Any CPU
		{17298EA0-AF73-4F30-B6F1-2066100D7D74}.Release|Any CPU.Build.0 = Release|Any CPU
		{EDF5D964-4C0F-4F19-B674-58A38A5E5401}.Debug|Any CPU.ActiveCfg = Debug|Any CPU
		{EDF5D964-4C0F-4F19-B674-58A38A5E5401}.Debug|Any CPU.Build.0 = Debug|Any CPU
		{EDF5D964-4C0F-4F19-B674-58A38A5E5401}.Release|Any CPU.ActiveCfg = Release|Any CPU
		{EDF5D964-4C0F-4F19-B674-58A38A5E5401}.Release|Any CPU.Build.0 = Release|Any CPU
		{3979F157-DEB0-4878-AB1D-4CEF6B5A1300}.Debug|Any CPU.ActiveCfg = Debug|Any CPU
		{3979F157-DEB0-4878-AB1D-4CEF6B5A1300}.Debug|Any CPU.Build.0 = Debug|Any CPU
		{3979F157-DEB0-4878-AB1D-4CEF6B5A1300}.Release|Any CPU.ActiveCfg = Release|Any CPU
		{3979F157-DEB0-4878-AB1D-4CEF6B5A1300}.Release|Any CPU.Build.0 = Release|Any CPU
		{5EB52D3D-09FD-463A-B02A-8D9856BD3724}.Debug|Any CPU.ActiveCfg = Debug|Any CPU
		{5EB52D3D-09FD-463A-B02A-8D9856BD3724}.Debug|Any CPU.Build.0 = Debug|Any CPU
		{5EB52D3D-09FD-463A-B02A-8D9856BD3724}.Release|Any CPU.ActiveCfg = Release|Any CPU
		{5EB52D3D-09FD-463A-B02A-8D9856BD3724}.Release|Any CPU.Build.0 = Release|Any CPU
		{404A6D3B-AA85-4E4C-AEEE-1E5026D5F135}.Debug|Any CPU.ActiveCfg = Debug|Any CPU
		{404A6D3B-AA85-4E4C-AEEE-1E5026D5F135}.Debug|Any CPU.Build.0 = Debug|Any CPU
		{404A6D3B-AA85-4E4C-AEEE-1E5026D5F135}.Release|Any CPU.ActiveCfg = Release|Any CPU
		{404A6D3B-AA85-4E4C-AEEE-1E5026D5F135}.Release|Any CPU.Build.0 = Release|Any CPU
		{C602C47E-F379-40A3-A146-4F19105B3491}.Debug|Any CPU.ActiveCfg = Debug|Any CPU
		{C602C47E-F379-40A3-A146-4F19105B3491}.Debug|Any CPU.Build.0 = Debug|Any CPU
		{C602C47E-F379-40A3-A146-4F19105B3491}.Release|Any CPU.ActiveCfg = Release|Any CPU
		{C602C47E-F379-40A3-A146-4F19105B3491}.Release|Any CPU.Build.0 = Release|Any CPU
		{6F98C2F2-898A-421B-BE3D-68FE69EC0646}.Debug|Any CPU.ActiveCfg = Debug|Any CPU
		{6F98C2F2-898A-421B-BE3D-68FE69EC0646}.Debug|Any CPU.Build.0 = Debug|Any CPU
		{6F98C2F2-898A-421B-BE3D-68FE69EC0646}.Release|Any CPU.ActiveCfg = Release|Any CPU
		{6F98C2F2-898A-421B-BE3D-68FE69EC0646}.Release|Any CPU.Build.0 = Release|Any CPU
		{A7225AEA-60C0-4557-B5A6-B96220DFAF73}.Debug|Any CPU.ActiveCfg = Debug|Any CPU
		{A7225AEA-60C0-4557-B5A6-B96220DFAF73}.Debug|Any CPU.Build.0 = Debug|Any CPU
		{A7225AEA-60C0-4557-B5A6-B96220DFAF73}.Release|Any CPU.ActiveCfg = Release|Any CPU
		{A7225AEA-60C0-4557-B5A6-B96220DFAF73}.Release|Any CPU.Build.0 = Release|Any CPU
		{412775C4-0BB0-4C70-B1BF-589FDEB659C7}.Debug|Any CPU.ActiveCfg = Debug|Any CPU
		{412775C4-0BB0-4C70-B1BF-589FDEB659C7}.Debug|Any CPU.Build.0 = Debug|Any CPU
		{412775C4-0BB0-4C70-B1BF-589FDEB659C7}.Release|Any CPU.ActiveCfg = Release|Any CPU
		{412775C4-0BB0-4C70-B1BF-589FDEB659C7}.Release|Any CPU.Build.0 = Release|Any CPU
		{D1B1C512-FD62-45D7-A2DD-8CB8AD853BA2}.Debug|Any CPU.ActiveCfg = Debug|Any CPU
		{D1B1C512-FD62-45D7-A2DD-8CB8AD853BA2}.Debug|Any CPU.Build.0 = Debug|Any CPU
		{D1B1C512-FD62-45D7-A2DD-8CB8AD853BA2}.Release|Any CPU.ActiveCfg = Release|Any CPU
		{D1B1C512-FD62-45D7-A2DD-8CB8AD853BA2}.Release|Any CPU.Build.0 = Release|Any CPU
		{B8426935-3733-4E3D-BF92-2A592659D62F}.Debug|Any CPU.ActiveCfg = Debug|Any CPU
		{B8426935-3733-4E3D-BF92-2A592659D62F}.Debug|Any CPU.Build.0 = Debug|Any CPU
		{B8426935-3733-4E3D-BF92-2A592659D62F}.Release|Any CPU.ActiveCfg = Release|Any CPU
		{B8426935-3733-4E3D-BF92-2A592659D62F}.Release|Any CPU.Build.0 = Release|Any CPU
		{3CF864D7-7293-4FD3-A20E-A068A9C3374B}.Debug|Any CPU.ActiveCfg = Debug|Any CPU
		{3CF864D7-7293-4FD3-A20E-A068A9C3374B}.Debug|Any CPU.Build.0 = Debug|Any CPU
		{3CF864D7-7293-4FD3-A20E-A068A9C3374B}.Release|Any CPU.ActiveCfg = Release|Any CPU
		{3CF864D7-7293-4FD3-A20E-A068A9C3374B}.Release|Any CPU.Build.0 = Release|Any CPU
		{EC743469-510E-4634-95B0-E99D8B9C23BA}.Debug|Any CPU.ActiveCfg = Debug|Any CPU
		{EC743469-510E-4634-95B0-E99D8B9C23BA}.Debug|Any CPU.Build.0 = Debug|Any CPU
		{EC743469-510E-4634-95B0-E99D8B9C23BA}.Release|Any CPU.ActiveCfg = Release|Any CPU
		{EC743469-510E-4634-95B0-E99D8B9C23BA}.Release|Any CPU.Build.0 = Release|Any CPU
		{284CB57A-FFCC-4CF6-B414-81EAF310478C}.Debug|Any CPU.ActiveCfg = Debug|Any CPU
		{284CB57A-FFCC-4CF6-B414-81EAF310478C}.Debug|Any CPU.Build.0 = Debug|Any CPU
		{284CB57A-FFCC-4CF6-B414-81EAF310478C}.Release|Any CPU.ActiveCfg = Release|Any CPU
		{284CB57A-FFCC-4CF6-B414-81EAF310478C}.Release|Any CPU.Build.0 = Release|Any CPU
		{29540FA9-FB5A-4EA2-8B8E-C55EE20A8750}.Debug|Any CPU.ActiveCfg = Debug|Any CPU
		{29540FA9-FB5A-4EA2-8B8E-C55EE20A8750}.Debug|Any CPU.Build.0 = Debug|Any CPU
		{29540FA9-FB5A-4EA2-8B8E-C55EE20A8750}.Release|Any CPU.ActiveCfg = Release|Any CPU
		{29540FA9-FB5A-4EA2-8B8E-C55EE20A8750}.Release|Any CPU.Build.0 = Release|Any CPU
		{C1F448AE-5943-43B0-B208-26C0A45BC132}.Debug|Any CPU.ActiveCfg = Debug|Any CPU
		{C1F448AE-5943-43B0-B208-26C0A45BC132}.Debug|Any CPU.Build.0 = Debug|Any CPU
		{C1F448AE-5943-43B0-B208-26C0A45BC132}.Release|Any CPU.ActiveCfg = Release|Any CPU
		{C1F448AE-5943-43B0-B208-26C0A45BC132}.Release|Any CPU.Build.0 = Release|Any CPU
		{32FBF728-503F-49A5-BAFD-87E9A7ABA0AF}.Debug|Any CPU.ActiveCfg = Debug|Any CPU
		{32FBF728-503F-49A5-BAFD-87E9A7ABA0AF}.Debug|Any CPU.Build.0 = Debug|Any CPU
		{32FBF728-503F-49A5-BAFD-87E9A7ABA0AF}.Release|Any CPU.ActiveCfg = Release|Any CPU
		{32FBF728-503F-49A5-BAFD-87E9A7ABA0AF}.Release|Any CPU.Build.0 = Release|Any CPU
		{E9B3564C-C357-4E49-91E4-EFB83D1AB163}.Debug|Any CPU.ActiveCfg = Debug|Any CPU
		{E9B3564C-C357-4E49-91E4-EFB83D1AB163}.Debug|Any CPU.Build.0 = Debug|Any CPU
		{E9B3564C-C357-4E49-91E4-EFB83D1AB163}.Release|Any CPU.ActiveCfg = Release|Any CPU
		{E9B3564C-C357-4E49-91E4-EFB83D1AB163}.Release|Any CPU.Build.0 = Release|Any CPU
		{D0C1D633-1920-4A23-BD33-0863310C4403}.Debug|Any CPU.ActiveCfg = Debug|Any CPU
		{D0C1D633-1920-4A23-BD33-0863310C4403}.Debug|Any CPU.Build.0 = Debug|Any CPU
		{D0C1D633-1920-4A23-BD33-0863310C4403}.Release|Any CPU.ActiveCfg = Release|Any CPU
		{D0C1D633-1920-4A23-BD33-0863310C4403}.Release|Any CPU.Build.0 = Release|Any CPU
		{16488896-C1A9-420B-B187-75BAE39775C8}.Debug|Any CPU.ActiveCfg = Debug|Any CPU
		{16488896-C1A9-420B-B187-75BAE39775C8}.Debug|Any CPU.Build.0 = Debug|Any CPU
		{16488896-C1A9-420B-B187-75BAE39775C8}.Release|Any CPU.ActiveCfg = Release|Any CPU
		{16488896-C1A9-420B-B187-75BAE39775C8}.Release|Any CPU.Build.0 = Release|Any CPU
		{48F349DC-C281-49DC-81E1-2EAFA5908C33}.Debug|Any CPU.ActiveCfg = Debug|Any CPU
		{48F349DC-C281-49DC-81E1-2EAFA5908C33}.Debug|Any CPU.Build.0 = Debug|Any CPU
		{48F349DC-C281-49DC-81E1-2EAFA5908C33}.Release|Any CPU.ActiveCfg = Release|Any CPU
		{48F349DC-C281-49DC-81E1-2EAFA5908C33}.Release|Any CPU.Build.0 = Release|Any CPU
		{34E82893-529E-47B0-A7D5-E3870FC720A4}.Debug|Any CPU.ActiveCfg = Debug|Any CPU
		{34E82893-529E-47B0-A7D5-E3870FC720A4}.Debug|Any CPU.Build.0 = Debug|Any CPU
		{34E82893-529E-47B0-A7D5-E3870FC720A4}.Release|Any CPU.ActiveCfg = Release|Any CPU
		{34E82893-529E-47B0-A7D5-E3870FC720A4}.Release|Any CPU.Build.0 = Release|Any CPU
	EndGlobalSection
	GlobalSection(SolutionProperties) = preSolution
		HideSolutionNode = FALSE
	EndGlobalSection
	GlobalSection(NestedProjects) = preSolution
		{C602C47E-F379-40A3-A146-4F19105B3491} = {7E85C7E5-70BD-4C9D-B052-D95955F46609}
		{6F98C2F2-898A-421B-BE3D-68FE69EC0646} = {7408541C-F99C-4197-B203-136115BD1CB9}
		{A7225AEA-60C0-4557-B5A6-B96220DFAF73} = {FF81D086-3EB1-4519-904C-24631B5975E2}
		{412775C4-0BB0-4C70-B1BF-589FDEB659C7} = {FF81D086-3EB1-4519-904C-24631B5975E2}
		{D1B1C512-FD62-45D7-A2DD-8CB8AD853BA2} = {FF81D086-3EB1-4519-904C-24631B5975E2}
		{B8426935-3733-4E3D-BF92-2A592659D62F} = {FF81D086-3EB1-4519-904C-24631B5975E2}
		{3CF864D7-7293-4FD3-A20E-A068A9C3374B} = {FF81D086-3EB1-4519-904C-24631B5975E2}
		{EC743469-510E-4634-95B0-E99D8B9C23BA} = {FF81D086-3EB1-4519-904C-24631B5975E2}
		{284CB57A-FFCC-4CF6-B414-81EAF310478C} = {FF81D086-3EB1-4519-904C-24631B5975E2}
		{29540FA9-FB5A-4EA2-8B8E-C55EE20A8750} = {FF81D086-3EB1-4519-904C-24631B5975E2}
		{C1F448AE-5943-43B0-B208-26C0A45BC132} = {FF81D086-3EB1-4519-904C-24631B5975E2}
		{32FBF728-503F-49A5-BAFD-87E9A7ABA0AF} = {FF81D086-3EB1-4519-904C-24631B5975E2}
		{E9B3564C-C357-4E49-91E4-EFB83D1AB163} = {FF81D086-3EB1-4519-904C-24631B5975E2}
		{D0C1D633-1920-4A23-BD33-0863310C4403} = {FF81D086-3EB1-4519-904C-24631B5975E2}
		{16488896-C1A9-420B-B187-75BAE39775C8} = {FF81D086-3EB1-4519-904C-24631B5975E2}
		{48F349DC-C281-49DC-81E1-2EAFA5908C33} = {FF81D086-3EB1-4519-904C-24631B5975E2}
		{34E82893-529E-47B0-A7D5-E3870FC720A4} = {FF81D086-3EB1-4519-904C-24631B5975E2}
	EndGlobalSection
	GlobalSection(ExtensibilityGlobals) = postSolution
		SolutionGuid = {083BDF7E-B520-4F48-830A-10F315A411A7}
	EndGlobalSection
EndGlobal
